
Microsoft Visual Studio Solution File, Format Version 12.00
# Visual Studio Version 17
VisualStudioVersion = 17.11.35327.3
MinimumVisualStudioVersion = 10.0.40219.1
Project("{FAE04EC0-301F-11D3-BF4B-00C04F79EFBC}") = "React_C_test.Server", "React_C_test.Server\React_C_test.Server.csproj", "{DAE5E5AC-7C22-4038-A3D7-BD0FCC94031F}"
EndProject
Project("{54A90642-561A-4BB1-A94E-469ADEE60C69}") = "react_c_test.client", "react_c_test.client\react_c_test.client.esproj", "{76C729A8-5331-4C9A-97C0-90FA1A04C8E2}"
EndProject
Global
	GlobalSection(SolutionConfigurationPlatforms) = preSolution
		Debug|Any CPU = Debug|Any CPU
		Release|Any CPU = Release|Any CPU
	EndGlobalSection
	GlobalSection(ProjectConfigurationPlatforms) = postSolution
		{DAE5E5AC-7C22-4038-A3D7-BD0FCC94031F}.Debug|Any CPU.ActiveCfg = Debug|Any CPU
		{DAE5E5AC-7C22-4038-A3D7-BD0FCC94031F}.Debug|Any CPU.Build.0 = Debug|Any CPU
		{DAE5E5AC-7C22-4038-A3D7-BD0FCC94031F}.Release|Any CPU.ActiveCfg = Release|Any CPU
		{DAE5E5AC-7C22-4038-A3D7-BD0FCC94031F}.Release|Any CPU.Build.0 = Release|Any CPU
		{76C729A8-5331-4C9A-97C0-90FA1A04C8E2}.Debug|Any CPU.ActiveCfg = Debug|Any CPU
		{76C729A8-5331-4C9A-97C0-90FA1A04C8E2}.Debug|Any CPU.Build.0 = Debug|Any CPU
		{76C729A8-5331-4C9A-97C0-90FA1A04C8E2}.Debug|Any CPU.Deploy.0 = Debug|Any CPU
		{76C729A8-5331-4C9A-97C0-90FA1A04C8E2}.Release|Any CPU.ActiveCfg = Release|Any CPU
		{76C729A8-5331-4C9A-97C0-90FA1A04C8E2}.Release|Any CPU.Build.0 = Release|Any CPU
		{76C729A8-5331-4C9A-97C0-90FA1A04C8E2}.Release|Any CPU.Deploy.0 = Release|Any CPU
	EndGlobalSection
	GlobalSection(SolutionProperties) = preSolution
		HideSolutionNode = FALSE
	EndGlobalSection
	GlobalSection(ExtensibilityGlobals) = postSolution
		SolutionGuid = {F3206FCB-1A6C-4F63-8984-14786D399DFE}
	EndGlobalSection
EndGlobal
